
Microsoft Visual Studio Solution File, Format Version 12.00
# Visual Studio Version 16
VisualStudioVersion = 16.0.31613.86
MinimumVisualStudioVersion = 10.0.40219.1
Project("{9A19103F-16F7-4668-BE54-9A1E7A4F7556}") = "HelloWord", "HelloWord.csproj", "{DE4F8B29-AC7E-46E7-AE56-963D0C4D2599}"
EndProject
Project("{9A19103F-16F7-4668-BE54-9A1E7A4F7556}") = "Steck", "..\Steck\Steck.csproj", "{4998DF56-34CA-4556-B5C4-384CC7E5B260}"
EndProject
Project("{FAE04EC0-301F-11D3-BF4B-00C04F79EFBC}") = "Tipos", "..\Tipos\Tipos.csproj", "{0C6E19E9-EFE6-4A5E-8BC3-712E85BE1F18}"
EndProject
Project("{FAE04EC0-301F-11D3-BF4B-00C04F79EFBC}") = "Lambda", "..\Lambda\Lambda.csproj", "{4BD68EBE-42A9-4A4C-8854-DFF8BC67EA59}"
EndProject
Project("{FAE04EC0-301F-11D3-BF4B-00C04F79EFBC}") = "Linq", "..\Linq\Linq.csproj", "{2BC23B5D-3E23-40F3-A47B-14C8F321BC27}"
EndProject
Global
	GlobalSection(SolutionConfigurationPlatforms) = preSolution
		Debug|Any CPU = Debug|Any CPU
		Release|Any CPU = Release|Any CPU
	EndGlobalSection
	GlobalSection(ProjectConfigurationPlatforms) = postSolution
		{DE4F8B29-AC7E-46E7-AE56-963D0C4D2599}.Debug|Any CPU.ActiveCfg = Debug|Any CPU
		{DE4F8B29-AC7E-46E7-AE56-963D0C4D2599}.Debug|Any CPU.Build.0 = Debug|Any CPU
		{DE4F8B29-AC7E-46E7-AE56-963D0C4D2599}.Release|Any CPU.ActiveCfg = Release|Any CPU
		{DE4F8B29-AC7E-46E7-AE56-963D0C4D2599}.Release|Any CPU.Build.0 = Release|Any CPU
		{4998DF56-34CA-4556-B5C4-384CC7E5B260}.Debug|Any CPU.ActiveCfg = Debug|Any CPU
		{4998DF56-34CA-4556-B5C4-384CC7E5B260}.Debug|Any CPU.Build.0 = Debug|Any CPU
		{4998DF56-34CA-4556-B5C4-384CC7E5B260}.Release|Any CPU.ActiveCfg = Release|Any CPU
		{4998DF56-34CA-4556-B5C4-384CC7E5B260}.Release|Any CPU.Build.0 = Release|Any CPU
		{0C6E19E9-EFE6-4A5E-8BC3-712E85BE1F18}.Debug|Any CPU.ActiveCfg = Debug|Any CPU
		{0C6E19E9-EFE6-4A5E-8BC3-712E85BE1F18}.Debug|Any CPU.Build.0 = Debug|Any CPU
		{0C6E19E9-EFE6-4A5E-8BC3-712E85BE1F18}.Release|Any CPU.ActiveCfg = Release|Any CPU
		{0C6E19E9-EFE6-4A5E-8BC3-712E85BE1F18}.Release|Any CPU.Build.0 = Release|Any CPU
		{4BD68EBE-42A9-4A4C-8854-DFF8BC67EA59}.Debug|Any CPU.ActiveCfg = Debug|Any CPU
		{4BD68EBE-42A9-4A4C-8854-DFF8BC67EA59}.Debug|Any CPU.Build.0 = Debug|Any CPU
		{4BD68EBE-42A9-4A4C-8854-DFF8BC67EA59}.Release|Any CPU.ActiveCfg = Release|Any CPU
		{4BD68EBE-42A9-4A4C-8854-DFF8BC67EA59}.Release|Any CPU.Build.0 = Release|Any CPU
		{2BC23B5D-3E23-40F3-A47B-14C8F321BC27}.Debug|Any CPU.ActiveCfg = Debug|Any CPU
		{2BC23B5D-3E23-40F3-A47B-14C8F321BC27}.Debug|Any CPU.Build.0 = Debug|Any CPU
		{2BC23B5D-3E23-40F3-A47B-14C8F321BC27}.Release|Any CPU.ActiveCfg = Release|Any CPU
		{2BC23B5D-3E23-40F3-A47B-14C8F321BC27}.Release|Any CPU.Build.0 = Release|Any CPU
	EndGlobalSection
	GlobalSection(SolutionProperties) = preSolution
		HideSolutionNode = FALSE
	EndGlobalSection
	GlobalSection(ExtensibilityGlobals) = postSolution
		SolutionGuid = {CFE7350F-4F27-4D04-BCE4-5BBF3DFC9316}
	EndGlobalSection
EndGlobal
